
Microsoft Visual Studio Solution File, Format Version 12.00
# Visual Studio Version 17
VisualStudioVersion = 17.2.32210.308
MinimumVisualStudioVersion = 10.0.40219.1
Project("{888888A0-9F3D-457C-B088-3A5042F75D52}") = "ZoeMeow.DUTAPI", "ZoeMeow.DUTAPI.pyproj", "{F2C27BE1-ADAF-49C2-A693-10802EC3575E}"
EndProject
Global
	GlobalSection(SolutionConfigurationPlatforms) = preSolution
		Debug|Any CPU = Debug|Any CPU
		Release|Any CPU = Release|Any CPU
	EndGlobalSection
	GlobalSection(ProjectConfigurationPlatforms) = postSolution
		{F2C27BE1-ADAF-49C2-A693-10802EC3575E}.Debug|Any CPU.ActiveCfg = Debug|Any CPU
		{F2C27BE1-ADAF-49C2-A693-10802EC3575E}.Release|Any CPU.ActiveCfg = Release|Any CPU
	EndGlobalSection
	GlobalSection(SolutionProperties) = preSolution
		HideSolutionNode = FALSE
	EndGlobalSection
	GlobalSection(ExtensibilityGlobals) = postSolution
		SolutionGuid = {2470FC52-43E0-4E91-8400-918A23E99D7A}
	EndGlobalSection
EndGlobal
