Microsoft Visual Studio Solution File, Format Version 12.00
# Visual Studio Version 17
VisualStudioVersion = 17.1.32120.378
MinimumVisualStudioVersion = 10.0.40219.1
Project("{9A19103F-16F7-4668-BE54-9A1E7A4F7556}") = "ZoeMeow.DUTAPI", "ZoeMeow.DUTAPI.csproj", "{39848AFA-9147-4411-94F9-22E52FB69183}"
EndProject
Project("{9A19103F-16F7-4668-BE54-9A1E7A4F7556}") = "DUTAPITest", "..\..\..\..\DUTAPITest\DUTAPITest.csproj", "{47D63C02-9396-454E-8458-65E0AD956D88}"
EndProject
Global
	GlobalSection(SolutionConfigurationPlatforms) = preSolution
		Debug|Any CPU = Debug|Any CPU
		Release|Any CPU = Release|Any CPU
	EndGlobalSection
	GlobalSection(ProjectConfigurationPlatforms) = postSolution
		{39848AFA-9147-4411-94F9-22E52FB69183}.Debug|Any CPU.ActiveCfg = Debug|Any CPU
		{39848AFA-9147-4411-94F9-22E52FB69183}.Debug|Any CPU.Build.0 = Debug|Any CPU
		{39848AFA-9147-4411-94F9-22E52FB69183}.Release|Any CPU.ActiveCfg = Release|Any CPU
		{39848AFA-9147-4411-94F9-22E52FB69183}.Release|Any CPU.Build.0 = Release|Any CPU
		{47D63C02-9396-454E-8458-65E0AD956D88}.Debug|Any CPU.ActiveCfg = Debug|Any CPU
		{47D63C02-9396-454E-8458-65E0AD956D88}.Debug|Any CPU.Build.0 = Debug|Any CPU
		{47D63C02-9396-454E-8458-65E0AD956D88}.Release|Any CPU.ActiveCfg = Release|Any CPU
		{47D63C02-9396-454E-8458-65E0AD956D88}.Release|Any CPU.Build.0 = Release|Any CPU
	EndGlobalSection
	GlobalSection(SolutionProperties) = preSolution
		HideSolutionNode = FALSE
	EndGlobalSection
	GlobalSection(ExtensibilityGlobals) = postSolution
		SolutionGuid = {39CBE498-3CE3-45A6-A182-72E11DCB1CAF}
	EndGlobalSection
EndGlobal
